
Microsoft Visual Studio Solution File, Format Version 12.00
# Visual Studio Version 16
VisualStudioVersion = 16.0.29411.108
MinimumVisualStudioVersion = 10.0.40219.1
Project("{FAE04EC0-301F-11D3-BF4B-00C04F79EFBC}") = "fshapex.app", "fshapex.app\fshapex.app.csproj", "{DB8EEFCA-1D22-4B79-A4A0-9B1F2DC7FE95}"
EndProject
Global
	GlobalSection(SolutionConfigurationPlatforms) = preSolution
		Debug|Any CPU = Debug|Any CPU
		Release|Any CPU = Release|Any CPU
	EndGlobalSection
	GlobalSection(ProjectConfigurationPlatforms) = postSolution
		{DB8EEFCA-1D22-4B79-A4A0-9B1F2DC7FE95}.Debug|Any CPU.ActiveCfg = Debug|Any CPU
		{DB8EEFCA-1D22-4B79-A4A0-9B1F2DC7FE95}.Debug|Any CPU.Build.0 = Debug|Any CPU
		{DB8EEFCA-1D22-4B79-A4A0-9B1F2DC7FE95}.Release|Any CPU.ActiveCfg = Release|Any CPU
		{DB8EEFCA-1D22-4B79-A4A0-9B1F2DC7FE95}.Release|Any CPU.Build.0 = Release|Any CPU
	EndGlobalSection
	GlobalSection(SolutionProperties) = preSolution
		HideSolutionNode = FALSE
	EndGlobalSection
	GlobalSection(ExtensibilityGlobals) = postSolution
		SolutionGuid = {A958D3A1-4FAA-47AE-BB5C-770A908709A8}
	EndGlobalSection
EndGlobal
